// !$*UTF8*$!
{
	archiveVersion = 1;
	classes = {
	};
	objectVersion = 56;
	objects = {

/* Begin PBXBuildFile section */
		1AEC52B62D860AA200A2A71C /* DealAnalysisApp.swift in Sources */ = {isa = PBXBuildFile; fileRef = 1AEC52B52D860AA200A2A71C /* DealAnalysisApp.swift */; };
		1AEC52B82D860AA200A2A71C /* ContentView.swift in Sources */ = {isa = PBXBuildFile; fileRef = 1AEC52B72D860AA200A2A71C /* ContentView.swift */; };
		1AEC52BA2D860AA200A2A71C /* Item.swift in Sources */ = {isa = PBXBuildFile; fileRef = 1AEC52B92D860AA200A2A71C /* Item.swift */; };
		1AEC52BC2D860AA300A2A71C /* Assets.xcassets in Resources */ = {isa = PBXBuildFile; fileRef = 1AEC52BB2D860AA300A2A71C /* Assets.xcassets */; };
		1AEC52BF2D860AA300A2A71C /* Preview Assets.xcassets in Resources */ = {isa = PBXBuildFile; fileRef = 1AEC52BE2D860AA300A2A71C /* Preview Assets.xcassets */; };
		1AEC52C92D860AA300A2A71C /* DealAnalysisTests.swift in Sources */ = {isa = PBXBuildFile; fileRef = 1AEC52C82D860AA300A2A71C /* DealAnalysisTests.swift */; };
		1AEC52D32D860AA300A2A71C /* DealAnalysisUITests.swift in Sources */ = {isa = PBXBuildFile; fileRef = 1AEC52D22D860AA300A2A71C /* DealAnalysisUITests.swift */; };
		1AEC52D52D860AA300A2A71C /* DealAnalysisUITestsLaunchTests.swift in Sources */ = {isa = PBXBuildFile; fileRef = 1AEC52D42D860AA300A2A71C /* DealAnalysisUITestsLaunchTests.swift */; };
/* End PBXBuildFile section */

/* Begin PBXContainerItemProxy section */
		1AEC52C52D860AA300A2A71C /* PBXContainerItemProxy */ = {
			isa = PBXContainerItemProxy;
			containerPortal = 1AEC52AA2D860AA200A2A71C /* Project object */;
			proxyType = 1;
			remoteGlobalIDString = 1AEC52B12D860AA200A2A71C;
			remoteInfo = DealAnalysis;
		};
		1AEC52CF2D860AA300A2A71C /* PBXContainerItemProxy */ = {
			isa = PBXContainerItemProxy;
			containerPortal = 1AEC52AA2D860AA200A2A71C /* Project object */;
			proxyType = 1;
			remoteGlobalIDString = 1AEC52B12D860AA200A2A71C;
			remoteInfo = DealAnalysis;
		};
/* End PBXContainerItemProxy section */

/* Begin PBXFileReference section */
		1AEC52B22D860AA200A2A71C /* DealAnalysis.app */ = {isa = PBXFileReference; explicitFileType = wrapper.application; includeInIndex = 0; path = DealAnalysis.app; sourceTree = BUILT_PRODUCTS_DIR; };
		1AEC52B52D860AA200A2A71C /* DealAnalysisApp.swift */ = {isa = PBXFileReference; lastKnownFileType = sourcecode.swift; path = DealAnalysisApp.swift; sourceTree = "<group>"; };
		1AEC52B72D860AA200A2A71C /* ContentView.swift */ = {isa = PBXFileReference; lastKnownFileType = sourcecode.swift; path = ContentView.swift; sourceTree = "<group>"; };
		1AEC52B92D860AA200A2A71C /* Item.swift */ = {isa = PBXFileReference; lastKnownFileType = sourcecode.swift; path = Item.swift; sourceTree = "<group>"; };
		1AEC52BB2D860AA300A2A71C /* Assets.xcassets */ = {isa = PBXFileReference; lastKnownFileType = folder.assetcatalog; path = Assets.xcassets; sourceTree = "<group>"; };
		1AEC52BE2D860AA300A2A71C /* Preview Assets.xcassets */ = {isa = PBXFileReference; lastKnownFileType = folder.assetcatalog; path = "Preview Assets.xcassets"; sourceTree = "<group>"; };
		1AEC52C42D860AA300A2A71C /* DealAnalysisTests.xctest */ = {isa = PBXFileReference; explicitFileType = wrapper.cfbundle; includeInIndex = 0; path = DealAnalysisTests.xctest; sourceTree = BUILT_PRODUCTS_DIR; };
		1AEC52C82D860AA300A2A71C /* DealAnalysisTests.swift */ = {isa = PBXFileReference; lastKnownFileType = sourcecode.swift; path = DealAnalysisTests.swift; sourceTree = "<group>"; };
		1AEC52CE2D860AA300A2A71C /* DealAnalysisUITests.xctest */ = {isa = PBXFileReference; explicitFileType = wrapper.cfbundle; includeInIndex = 0; path = DealAnalysisUITests.xctest; sourceTree = BUILT_PRODUCTS_DIR; };
		1AEC52D22D860AA300A2A71C /* DealAnalysisUITests.swift */ = {isa = PBXFileReference; lastKnownFileType = sourcecode.swift; path = DealAnalysisUITests.swift; sourceTree = "<group>"; };
		1AEC52D42D860AA300A2A71C /* DealAnalysisUITestsLaunchTests.swift */ = {isa = PBXFileReference; lastKnownFileType = sourcecode.swift; path = DealAnalysisUITestsLaunchTests.swift; sourceTree = "<group>"; };
/* End PBXFileReference section */

/* Begin PBXFrameworksBuildPhase section */
		1AEC52AF2D860AA200A2A71C /* Frameworks */ = {
			isa = PBXFrameworksBuildPhase;
			buildActionMask = 2147483647;
			files = (
			);
			runOnlyForDeploymentPostprocessing = 0;
		};
		1AEC52C12D860AA300A2A71C /* Frameworks */ = {
			isa = PBXFrameworksBuildPhase;
			buildActionMask = 2147483647;
			files = (
			);
			runOnlyForDeploymentPostprocessing = 0;
		};
		1AEC52CB2D860AA300A2A71C /* Frameworks */ = {
			isa = PBXFrameworksBuildPhase;
			buildActionMask = 2147483647;
			files = (
			);
			runOnlyForDeploymentPostprocessing = 0;
		};
/* End PBXFrameworksBuildPhase section */

/* Begin PBXGroup section */
		1AEC52A92D860AA200A2A71C = {
			isa = PBXGroup;
			children = (
				1AEC52B42D860AA200A2A71C /* DealAnalysis */,
				1AEC52C72D860AA300A2A71C /* DealAnalysisTests */,
				1AEC52D12D860AA300A2A71C /* DealAnalysisUITests */,
				1AEC52B32D860AA200A2A71C /* Products */,
			);
			sourceTree = "<group>";
		};
		1AEC52B32D860AA200A2A71C /* Products */ = {
			isa = PBXGroup;
			children = (
				1AEC52B22D860AA200A2A71C /* DealAnalysis.app */,
				1AEC52C42D860AA300A2A71C /* DealAnalysisTests.xctest */,
				1AEC52CE2D860AA300A2A71C /* DealAnalysisUITests.xctest */,
			);
			name = Products;
			sourceTree = "<group>";
		};
		1AEC52B42D860AA200A2A71C /* DealAnalysis */ = {
			isa = PBXGroup;
			children = (
				1AEC52B52D860AA200A2A71C /* DealAnalysisApp.swift */,
				1AEC52B72D860AA200A2A71C /* ContentView.swift */,
				1AEC52B92D860AA200A2A71C /* Item.swift */,
				1AEC52BB2D860AA300A2A71C /* Assets.xcassets */,
				1AEC52BD2D860AA300A2A71C /* Preview Content */,
			);
			path = DealAnalysis;
			sourceTree = "<group>";
		};
		1AEC52BD2D860AA300A2A71C /* Preview Content */ = {
			isa = PBXGroup;
			children = (
				1AEC52BE2D860AA300A2A71C /* Preview Assets.xcassets */,
			);
			path = "Preview Content";
			sourceTree = "<group>";
		};
		1AEC52C72D860AA300A2A71C /* DealAnalysisTests */ = {
			isa = PBXGroup;
			children = (
				1AEC52C82D860AA300A2A71C /* DealAnalysisTests.swift */,
			);
			path = DealAnalysisTests;
			sourceTree = "<group>";
		};
		1AEC52D12D860AA300A2A71C /* DealAnalysisUITests */ = {
			isa = PBXGroup;
			children = (
				1AEC52D22D860AA300A2A71C /* DealAnalysisUITests.swift */,
				1AEC52D42D860AA300A2A71C /* DealAnalysisUITestsLaunchTests.swift */,
			);
			path = DealAnalysisUITests;
			sourceTree = "<group>";
		};
/* End PBXGroup section */

/* Begin PBXNativeTarget section */
		1AEC52B12D860AA200A2A71C /* DealAnalysis */ = {
			isa = PBXNativeTarget;
			buildConfigurationList = 1AEC52D82D860AA300A2A71C /* Build configuration list for PBXNativeTarget "DealAnalysis" */;
			buildPhases = (
				1AEC52AE2D860AA200A2A71C /* Sources */,
				1AEC52AF2D860AA200A2A71C /* Frameworks */,
				1AEC52B02D860AA200A2A71C /* Resources */,
			);
			buildRules = (
			);
			dependencies = (
			);
			name = DealAnalysis;
			productName = DealAnalysis;
			productReference = 1AEC52B22D860AA200A2A71C /* DealAnalysis.app */;
			productType = "com.apple.product-type.application";
		};
		1AEC52C32D860AA300A2A71C /* DealAnalysisTests */ = {
			isa = PBXNativeTarget;
			buildConfigurationList = 1AEC52DB2D860AA300A2A71C /* Build configuration list for PBXNativeTarget "DealAnalysisTests" */;
			buildPhases = (
				1AEC52C02D860AA300A2A71C /* Sources */,
				1AEC52C12D860AA300A2A71C /* Frameworks */,
				1AEC52C22D860AA300A2A71C /* Resources */,
			);
			buildRules = (
			);
			dependencies = (
				1AEC52C62D860AA300A2A71C /* PBXTargetDependency */,
			);
			name = DealAnalysisTests;
			productName = DealAnalysisTests;
			productReference = 1AEC52C42D860AA300A2A71C /* DealAnalysisTests.xctest */;
			productType = "com.apple.product-type.bundle.unit-test";
		};
		1AEC52CD2D860AA300A2A71C /* DealAnalysisUITests */ = {
			isa = PBXNativeTarget;
			buildConfigurationList = 1AEC52DE2D860AA300A2A71C /* Build configuration list for PBXNativeTarget "DealAnalysisUITests" */;
			buildPhases = (
				1AEC52CA2D860AA300A2A71C /* Sources */,
				1AEC52CB2D860AA300A2A71C /* Frameworks */,
				1AEC52CC2D860AA300A2A71C /* Resources */,
			);
			buildRules = (
			);
			dependencies = (
				1AEC52D02D860AA300A2A71C /* PBXTargetDependency */,
			);
			name = DealAnalysisUITests;
			productName = DealAnalysisUITests;
			productReference = 1AEC52CE2D860AA300A2A71C /* DealAnalysisUITests.xctest */;
			productType = "com.apple.product-type.bundle.ui-testing";
		};
/* End PBXNativeTarget section */

/* Begin PBXProject section */
		1AEC52AA2D860AA200A2A71C /* Project object */ = {
			isa = PBXProject;
			attributes = {
				BuildIndependentTargetsInParallel = 1;
				LastSwiftUpdateCheck = 1540;
				LastUpgradeCheck = 1540;
				TargetAttributes = {
					1AEC52B12D860AA200A2A71C = {
						CreatedOnToolsVersion = 15.4;
					};
					1AEC52C32D860AA300A2A71C = {
						CreatedOnToolsVersion = 15.4;
						TestTargetID = 1AEC52B12D860AA200A2A71C;
					};
					1AEC52CD2D860AA300A2A71C = {
						CreatedOnToolsVersion = 15.4;
						TestTargetID = 1AEC52B12D860AA200A2A71C;
					};
				};
			};
			buildConfigurationList = 1AEC52AD2D860AA200A2A71C /* Build configuration list for PBXProject "DealAnalysis" */;
			compatibilityVersion = "Xcode 14.0";
			developmentRegion = en;
			hasScannedForEncodings = 0;
			knownRegions = (
				en,
				Base,
			);
			mainGroup = 1AEC52A92D860AA200A2A71C;
			productRefGroup = 1AEC52B32D860AA200A2A71C /* Products */;
			projectDirPath = "";
			projectRoot = "";
			targets = (
				1AEC52B12D860AA200A2A71C /* DealAnalysis */,
				1AEC52C32D860AA300A2A71C /* DealAnalysisTests */,
				1AEC52CD2D860AA300A2A71C /* DealAnalysisUITests */,
			);
		};
/* End PBXProject section */

/* Begin PBXResourcesBuildPhase section */
		1AEC52B02D860AA200A2A71C /* Resources */ = {
			isa = PBXResourcesBuildPhase;
			buildActionMask = 2147483647;
			files = (
				1AEC52BF2D860AA300A2A71C /* Preview Assets.xcassets in Resources */,
				1AEC52BC2D860AA300A2A71C /* Assets.xcassets in Resources */,
			);
			runOnlyForDeploymentPostprocessing = 0;
		};
		1AEC52C22D860AA300A2A71C /* Resources */ = {
			isa = PBXResourcesBuildPhase;
			buildActionMask = 2147483647;
			files = (
			);
			runOnlyForDeploymentPostprocessing = 0;
		};
		1AEC52CC2D860AA300A2A71C /* Resources */ = {
			isa = PBXResourcesBuildPhase;
			buildActionMask = 2147483647;
			files = (
			);
			runOnlyForDeploymentPostprocessing = 0;
		};
/* End PBXResourcesBuildPhase section */

/* Begin PBXSourcesBuildPhase section */
		1AEC52AE2D860AA200A2A71C /* Sources */ = {
			isa = PBXSourcesBuildPhase;
			buildActionMask = 2147483647;
			files = (
				1AEC52B82D860AA200A2A71C /* ContentView.swift in Sources */,
				1AEC52BA2D860AA200A2A71C /* Item.swift in Sources */,
				1AEC52B62D860AA200A2A71C /* DealAnalysisApp.swift in Sources */,
			);
			runOnlyForDeploymentPostprocessing = 0;
		};
		1AEC52C02D860AA300A2A71C /* Sources */ = {
			isa = PBXSourcesBuildPhase;
			buildActionMask = 2147483647;
			files = (
				1AEC52C92D860AA300A2A71C /* DealAnalysisTests.swift in Sources */,
			);
			runOnlyForDeploymentPostprocessing = 0;
		};
		1AEC52CA2D860AA300A2A71C /* Sources */ = {
			isa = PBXSourcesBuildPhase;
			buildActionMask = 2147483647;
			files = (
				1AEC52D52D860AA300A2A71C /* DealAnalysisUITestsLaunchTests.swift in Sources */,
				1AEC52D32D860AA300A2A71C /* DealAnalysisUITests.swift in Sources */,
			);
			runOnlyForDeploymentPostprocessing = 0;
		};
/* End PBXSourcesBuildPhase section */

/* Begin PBXTargetDependency section */
		1AEC52C62D860AA300A2A71C /* PBXTargetDependency */ = {
			isa = PBXTargetDependency;
			target = 1AEC52B12D860AA200A2A71C /* DealAnalysis */;
			targetProxy = 1AEC52C52D860AA300A2A71C /* PBXContainerItemProxy */;
		};
		1AEC52D02D860AA300A2A71C /* PBXTargetDependency */ = {
			isa = PBXTargetDependency;
			target = 1AEC52B12D860AA200A2A71C /* DealAnalysis */;
			targetProxy = 1AEC52CF2D860AA300A2A71C /* PBXContainerItemProxy */;
		};
/* End PBXTargetDependency section */

/* Begin XCBuildConfiguration section */
		1AEC52D62D860AA300A2A71C /* Debug */ = {
			isa = XCBuildConfiguration;
			buildSettings = {
				ALWAYS_SEARCH_USER_PATHS = NO;
				ASSETCATALOG_COMPILER_GENERATE_SWIFT_ASSET_SYMBOL_EXTENSIONS = YES;
				CLANG_ANALYZER_NONNULL = YES;
				CLANG_ANALYZER_NUMBER_OBJECT_CONVERSION = YES_AGGRESSIVE;
				CLANG_CXX_LANGUAGE_STANDARD = "gnu++20";
				CLANG_ENABLE_MODULES = YES;
				CLANG_ENABLE_OBJC_ARC = YES;
				CLANG_ENABLE_OBJC_WEAK = YES;
				CLANG_WARN_BLOCK_CAPTURE_AUTORELEASING = YES;
				CLANG_WARN_BOOL_CONVERSION = YES;
				CLANG_WARN_COMMA = YES;
				CLANG_WARN_CONSTANT_CONVERSION = YES;
				CLANG_WARN_DEPRECATED_OBJC_IMPLEMENTATIONS = YES;
				CLANG_WARN_DIRECT_OBJC_ISA_USAGE = YES_ERROR;
				CLANG_WARN_DOCUMENTATION_COMMENTS = YES;
				CLANG_WARN_EMPTY_BODY = YES;
				CLANG_WARN_ENUM_CONVERSION = YES;
				CLANG_WARN_INFINITE_RECURSION = YES;
				CLANG_WARN_INT_CONVERSION = YES;
				CLANG_WARN_NON_LITERAL_NULL_CONVERSION = YES;
				CLANG_WARN_OBJC_IMPLICIT_RETAIN_SELF = YES;
				CLANG_WARN_OBJC_LITERAL_CONVERSION = YES;
				CLANG_WARN_OBJC_ROOT_CLASS = YES_ERROR;
				CLANG_WARN_QUOTED_INCLUDE_IN_FRAMEWORK_HEADER = YES;
				CLANG_WARN_RANGE_LOOP_ANALYSIS = YES;
				CLANG_WARN_STRICT_PROTOTYPES = YES;
				CLANG_WARN_SUSPICIOUS_MOVE = YES;
				CLANG_WARN_UNGUARDED_AVAILABILITY = YES_AGGRESSIVE;
				CLANG_WARN_UNREACHABLE_CODE = YES;
				CLANG_WARN__DUPLICATE_METHOD_MATCH = YES;
				COPY_PHASE_STRIP = NO;
				DEBUG_INFORMATION_FORMAT = dwarf;
				ENABLE_STRICT_OBJC_MSGSEND = YES;
				ENABLE_TESTABILITY = YES;
				ENABLE_USER_SCRIPT_SANDBOXING = YES;
				GCC_C_LANGUAGE_STANDARD = gnu17;
				GCC_DYNAMIC_NO_PIC = NO;
				GCC_NO_COMMON_BLOCKS = YES;
				GCC_OPTIMIZATION_LEVEL = 0;
				GCC_PREPROCESSOR_DEFINITIONS = (
					"DEBUG=1",
					"$(inherited)",
				);
				GCC_WARN_64_TO_32_BIT_CONVERSION = YES;
				GCC_WARN_ABOUT_RETURN_TYPE = YES_ERROR;
				GCC_WARN_UNDECLARED_SELECTOR = YES;
				GCC_WARN_UNINITIALIZED_AUTOS = YES_AGGRESSIVE;
				GCC_WARN_UNUSED_FUNCTION = YES;
				GCC_WARN_UNUSED_VARIABLE = YES;
				IPHONEOS_DEPLOYMENT_TARGET = 17.5;
				LOCALIZATION_PREFERS_STRING_CATALOGS = YES;
				MTL_ENABLE_DEBUG_INFO = INCLUDE_SOURCE;
				MTL_FAST_MATH = YES;
				ONLY_ACTIVE_ARCH = YES;
				SDKROOT = iphoneos;
				SWIFT_ACTIVE_COMPILATION_CONDITIONS = "DEBUG $(inherited)";
				SWIFT_OPTIMIZATION_LEVEL = "-Onone";
			};
			name = Debug;
		};
		1AEC52D72D860AA300A2A71C /* Release */ = {
			isa = XCBuildConfiguration;
			buildSettings = {
				ALWAYS_SEARCH_USER_PATHS = NO;
				ASSETCATALOG_COMPILER_GENERATE_SWIFT_ASSET_SYMBOL_EXTENSIONS = YES;
				CLANG_ANALYZER_NONNULL = YES;
				CLANG_ANALYZER_NUMBER_OBJECT_CONVERSION = YES_AGGRESSIVE;
				CLANG_CXX_LANGUAGE_STANDARD = "gnu++20";
				CLANG_ENABLE_MODULES = YES;
				CLANG_ENABLE_OBJC_ARC = YES;
				CLANG_ENABLE_OBJC_WEAK = YES;
				CLANG_WARN_BLOCK_CAPTURE_AUTORELEASING = YES;
				CLANG_WARN_BOOL_CONVERSION = YES;
				CLANG_WARN_COMMA = YES;
				CLANG_WARN_CONSTANT_CONVERSION = YES;
				CLANG_WARN_DEPRECATED_OBJC_IMPLEMENTATIONS = YES;
				CLANG_WARN_DIRECT_OBJC_ISA_USAGE = YES_ERROR;
				CLANG_WARN_DOCUMENTATION_COMMENTS = YES;
				CLANG_WARN_EMPTY_BODY = YES;
				CLANG_WARN_ENUM_CONVERSION = YES;
				CLANG_WARN_INFINITE_RECURSION = YES;
				CLANG_WARN_INT_CONVERSION = YES;
				CLANG_WARN_NON_LITERAL_NULL_CONVERSION = YES;
				CLANG_WARN_OBJC_IMPLICIT_RETAIN_SELF = YES;
				CLANG_WARN_OBJC_LITERAL_CONVERSION = YES;
				CLANG_WARN_OBJC_ROOT_CLASS = YES_ERROR;
				CLANG_WARN_QUOTED_INCLUDE_IN_FRAMEWORK_HEADER = YES;
				CLANG_WARN_RANGE_LOOP_ANALYSIS = YES;
				CLANG_WARN_STRICT_PROTOTYPES = YES;
				CLANG_WARN_SUSPICIOUS_MOVE = YES;
				CLANG_WARN_UNGUARDED_AVAILABILITY = YES_AGGRESSIVE;
				CLANG_WARN_UNREACHABLE_CODE = YES;
				CLANG_WARN__DUPLICATE_METHOD_MATCH = YES;
				COPY_PHASE_STRIP = NO;
				DEBUG_INFORMATION_FORMAT = "dwarf-with-dsym";
				ENABLE_NS_ASSERTIONS = NO;
				ENABLE_STRICT_OBJC_MSGSEND = YES;
				ENABLE_USER_SCRIPT_SANDBOXING = YES;
				GCC_C_LANGUAGE_STANDARD = gnu17;
				GCC_NO_COMMON_BLOCKS = YES;
				GCC_WARN_64_TO_32_BIT_CONVERSION = YES;
				GCC_WARN_ABOUT_RETURN_TYPE = YES_ERROR;
				GCC_WARN_UNDECLARED_SELECTOR = YES;
				GCC_WARN_UNINITIALIZED_AUTOS = YES_AGGRESSIVE;
				GCC_WARN_UNUSED_FUNCTION = YES;
				GCC_WARN_UNUSED_VARIABLE = YES;
				IPHONEOS_DEPLOYMENT_TARGET = 17.5;
				LOCALIZATION_PREFERS_STRING_CATALOGS = YES;
				MTL_ENABLE_DEBUG_INFO = NO;
				MTL_FAST_MATH = YES;
				SDKROOT = iphoneos;
				SWIFT_COMPILATION_MODE = wholemodule;
				VALIDATE_PRODUCT = YES;
			};
			name = Release;
		};
		1AEC52D92D860AA300A2A71C /* Debug */ = {
			isa = XCBuildConfiguration;
			buildSettings = {
				ASSETCATALOG_COMPILER_APPICON_NAME = AppIcon;
				ASSETCATALOG_COMPILER_GLOBAL_ACCENT_COLOR_NAME = AccentColor;
				CODE_SIGN_STYLE = Automatic;
				CURRENT_PROJECT_VERSION = 1;
				DEVELOPMENT_ASSET_PATHS = "\"DealAnalysis/Preview Content\"";
				DEVELOPMENT_TEAM = F795GC57GW;
				ENABLE_PREVIEWS = YES;
				GENERATE_INFOPLIST_FILE = YES;
				INFOPLIST_KEY_UIApplicationSceneManifest_Generation = YES;
				INFOPLIST_KEY_UIApplicationSupportsIndirectInputEvents = YES;
				INFOPLIST_KEY_UILaunchScreen_Generation = YES;
				INFOPLIST_KEY_UISupportedInterfaceOrientations_iPad = "UIInterfaceOrientationPortrait UIInterfaceOrientationPortraitUpsideDown UIInterfaceOrientationLandscapeLeft UIInterfaceOrientationLandscapeRight";
				INFOPLIST_KEY_UISupportedInterfaceOrientations_iPhone = "UIInterfaceOrientationPortrait UIInterfaceOrientationLandscapeLeft UIInterfaceOrientationLandscapeRight";
				LD_RUNPATH_SEARCH_PATHS = (
					"$(inherited)",
					"@executable_path/Frameworks",
				);
				MARKETING_VERSION = 1.0;
				PRODUCT_BUNDLE_IDENTIFIER = adhoc.DealAnalysis;
				PRODUCT_NAME = "$(TARGET_NAME)";
				SWIFT_EMIT_LOC_STRINGS = YES;
				SWIFT_VERSION = 5.0;
				TARGETED_DEVICE_FAMILY = "1,2";
			};
			name = Debug;
		};
		1AEC52DA2D860AA300A2A71C /* Release */ = {
			isa = XCBuildConfiguration;
			buildSettings = {
				ASSETCATALOG_COMPILER_APPICON_NAME = AppIcon;
				ASSETCATALOG_COMPILER_GLOBAL_ACCENT_COLOR_NAME = AccentColor;
				CODE_SIGN_STYLE = Automatic;
				CURRENT_PROJECT_VERSION = 1;
				DEVELOPMENT_ASSET_PATHS = "\"DealAnalysis/Preview Content\"";
				DEVELOPMENT_TEAM = F795GC57GW;
				ENABLE_PREVIEWS = YES;
				GENERATE_INFOPLIST_FILE = YES;
				INFOPLIST_KEY_UIApplicationSceneManifest_Generation = YES;
				INFOPLIST_KEY_UIApplicationSupportsIndirectInputEvents = YES;
				INFOPLIST_KEY_UILaunchScreen_Generation = YES;
				INFOPLIST_KEY_UISupportedInterfaceOrientations_iPad = "UIInterfaceOrientationPortrait UIInterfaceOrientationPortraitUpsideDown UIInterfaceOrientationLandscapeLeft UIInterfaceOrientationLandscapeRight";
				INFOPLIST_KEY_UISupportedInterfaceOrientations_iPhone = "UIInterfaceOrientationPortrait UIInterfaceOrientationLandscapeLeft UIInterfaceOrientationLandscapeRight";
				LD_RUNPATH_SEARCH_PATHS = (
					"$(inherited)",
					"@executable_path/Frameworks",
				);
				MARKETING_VERSION = 1.0;
				PRODUCT_BUNDLE_IDENTIFIER = adhoc.DealAnalysis;
				PRODUCT_NAME = "$(TARGET_NAME)";
				SWIFT_EMIT_LOC_STRINGS = YES;
				SWIFT_VERSION = 5.0;
				TARGETED_DEVICE_FAMILY = "1,2";
			};
			name = Release;
		};
		1AEC52DC2D860AA300A2A71C /* Debug */ = {
			isa = XCBuildConfiguration;
			buildSettings = {
				ALWAYS_EMBED_SWIFT_STANDARD_LIBRARIES = YES;
				BUNDLE_LOADER = "$(TEST_HOST)";
				CODE_SIGN_STYLE = Automatic;
				CURRENT_PROJECT_VERSION = 1;
				GENERATE_INFOPLIST_FILE = YES;
				IPHONEOS_DEPLOYMENT_TARGET = 17.5;
				MARKETING_VERSION = 1.0;
				PRODUCT_BUNDLE_IDENTIFIER = adhoc.DealAnalysisTests;
				PRODUCT_NAME = "$(TARGET_NAME)";
				SWIFT_EMIT_LOC_STRINGS = NO;
				SWIFT_VERSION = 5.0;
				TARGETED_DEVICE_FAMILY = "1,2";
				TEST_HOST = "$(BUILT_PRODUCTS_DIR)/DealAnalysis.app/$(BUNDLE_EXECUTABLE_FOLDER_PATH)/DealAnalysis";
			};
			name = Debug;
		};
		1AEC52DD2D860AA300A2A71C /* Release */ = {
			isa = XCBuildConfiguration;
			buildSettings = {
				ALWAYS_EMBED_SWIFT_STANDARD_LIBRARIES = YES;
				BUNDLE_LOADER = "$(TEST_HOST)";
				CODE_SIGN_STYLE = Automatic;
				CURRENT_PROJECT_VERSION = 1;
				GENERATE_INFOPLIST_FILE = YES;
				IPHONEOS_DEPLOYMENT_TARGET = 17.5;
				MARKETING_VERSION = 1.0;
				PRODUCT_BUNDLE_IDENTIFIER = adhoc.DealAnalysisTests;
				PRODUCT_NAME = "$(TARGET_NAME)";
				SWIFT_EMIT_LOC_STRINGS = NO;
				SWIFT_VERSION = 5.0;
				TARGETED_DEVICE_FAMILY = "1,2";
				TEST_HOST = "$(BUILT_PRODUCTS_DIR)/DealAnalysis.app/$(BUNDLE_EXECUTABLE_FOLDER_PATH)/DealAnalysis";
			};
			name = Release;
		};
		1AEC52DF2D860AA300A2A71C /* Debug */ = {
			isa = XCBuildConfiguration;
			buildSettings = {
				ALWAYS_EMBED_SWIFT_STANDARD_LIBRARIES = YES;
				CODE_SIGN_STYLE = Automatic;
				CURRENT_PROJECT_VERSION = 1;
				GENERATE_INFOPLIST_FILE = YES;
				MARKETING_VERSION = 1.0;
				PRODUCT_BUNDLE_IDENTIFIER = adhoc.DealAnalysisUITests;
				PRODUCT_NAME = "$(TARGET_NAME)";
				SWIFT_EMIT_LOC_STRINGS = NO;
				SWIFT_VERSION = 5.0;
				TARGETED_DEVICE_FAMILY = "1,2";
				TEST_TARGET_NAME = DealAnalysis;
			};
			name = Debug;
		};
		1AEC52E02D860AA300A2A71C /* Release */ = {
			isa = XCBuildConfiguration;
			buildSettings = {
				ALWAYS_EMBED_SWIFT_STANDARD_LIBRARIES = YES;
				CODE_SIGN_STYLE = Automatic;
				CURRENT_PROJECT_VERSION = 1;
				GENERATE_INFOPLIST_FILE = YES;
				MARKETING_VERSION = 1.0;
				PRODUCT_BUNDLE_IDENTIFIER = adhoc.DealAnalysisUITests;
				PRODUCT_NAME = "$(TARGET_NAME)";
				SWIFT_EMIT_LOC_STRINGS = NO;
				SWIFT_VERSION = 5.0;
				TARGETED_DEVICE_FAMILY = "1,2";
				TEST_TARGET_NAME = DealAnalysis;
			};
			name = Release;
		};
/* End XCBuildConfiguration section */

/* Begin XCConfigurationList section */
		1AEC52AD2D860AA200A2A71C /* Build configuration list for PBXProject "DealAnalysis" */ = {
			isa = XCConfigurationList;
			buildConfigurations = (
				1AEC52D62D860AA300A2A71C /* Debug */,
				1AEC52D72D860AA300A2A71C /* Release */,
			);
			defaultConfigurationIsVisible = 0;
			defaultConfigurationName = Release;
		};
		1AEC52D82D860AA300A2A71C /* Build configuration list for PBXNativeTarget "DealAnalysis" */ = {
			isa = XCConfigurationList;
			buildConfigurations = (
				1AEC52D92D860AA300A2A71C /* Debug */,
				1AEC52DA2D860AA300A2A71C /* Release */,
			);
			defaultConfigurationIsVisible = 0;
			defaultConfigurationName = Release;
		};
		1AEC52DB2D860AA300A2A71C /* Build configuration list for PBXNativeTarget "DealAnalysisTests" */ = {
			isa = XCConfigurationList;
			buildConfigurations = (
				1AEC52DC2D860AA300A2A71C /* Debug */,
				1AEC52DD2D860AA300A2A71C /* Release */,
			);
			defaultConfigurationIsVisible = 0;
			defaultConfigurationName = Release;
		};
		1AEC52DE2D860AA300A2A71C /* Build configuration list for PBXNativeTarget "DealAnalysisUITests" */ = {
			isa = XCConfigurationList;
			buildConfigurations = (
				1AEC52DF2D860AA300A2A71C /* Debug */,
				1AEC52E02D860AA300A2A71C /* Release */,
			);
			defaultConfigurationIsVisible = 0;
			defaultConfigurationName = Release;
		};
/* End XCConfigurationList section */
	};
	rootObject = 1AEC52AA2D860AA200A2A71C /* Project object */;
}
